
Microsoft Visual Studio Solution File, Format Version 12.00
# Visual Studio Version 16
VisualStudioVersion = 16.0.30907.101
MinimumVisualStudioVersion = 10.0.40219.1
Project("{FAE04EC0-301F-11D3-BF4B-00C04F79EFBC}") = "BinarySearchTree", "BinarySearchTree.csproj", "{C05119FB-22A4-4F84-80BD-A4785C0DAEC2}"
EndProject
Global
	GlobalSection(SolutionConfigurationPlatforms) = preSolution
		Debug|Any CPU = Debug|Any CPU
		Release|Any CPU = Release|Any CPU
	EndGlobalSection
	GlobalSection(ProjectConfigurationPlatforms) = postSolution
		{C05119FB-22A4-4F84-80BD-A4785C0DAEC2}.Debug|Any CPU.ActiveCfg = Debug|Any CPU
		{C05119FB-22A4-4F84-80BD-A4785C0DAEC2}.Debug|Any CPU.Build.0 = Debug|Any CPU
		{C05119FB-22A4-4F84-80BD-A4785C0DAEC2}.Release|Any CPU.ActiveCfg = Release|Any CPU
		{C05119FB-22A4-4F84-80BD-A4785C0DAEC2}.Release|Any CPU.Build.0 = Release|Any CPU
	EndGlobalSection
	GlobalSection(SolutionProperties) = preSolution
		HideSolutionNode = FALSE
	EndGlobalSection
	GlobalSection(ExtensibilityGlobals) = postSolution
		SolutionGuid = {36236C66-0472-4E08-9C96-F1BECDBDF6FF}
	EndGlobalSection
EndGlobal
